// !$*UTF8*$!
{
	archiveVersion = 1;
	classes = {
	};
	objectVersion = 56;
	objects = {

/* Begin PBXBuildFile section */
		6458D6A22AA3E6AB000A8D80 /* main.cpp in Sources */ = {isa = PBXBuildFile; fileRef = 6458D6A12AA3E6AB000A8D80 /* main.cpp */; };
		6458D6AA2AA3E7F1000A8D80 /* string_distance.cpp in Sources */ = {isa = PBXBuildFile; fileRef = 6458D6A82AA3E7F1000A8D80 /* string_distance.cpp */; };
		6485EEFE2AB5A6F900C5FA47 /* heap_sort1.cpp in Sources */ = {isa = PBXBuildFile; fileRef = 6485EEFC2AB5A6F900C5FA47 /* heap_sort1.cpp */; };
		64CF01352AA48FE00012A3C5 /* string_distance_dynamic_programming.cpp in Sources */ = {isa = PBXBuildFile; fileRef = 64CF01332AA48FE00012A3C5 /* string_distance_dynamic_programming.cpp */; };
/* End PBXBuildFile section */

/* Begin PBXCopyFilesBuildPhase section */
		6458D69C2AA3E6AB000A8D80 /* CopyFiles */ = {
			isa = PBXCopyFilesBuildPhase;
			buildActionMask = 2147483647;
			dstPath = /usr/share/man/man1/;
			dstSubfolderSpec = 0;
			files = (
			);
			runOnlyForDeploymentPostprocessing = 1;
		};
/* End PBXCopyFilesBuildPhase section */

/* Begin PBXFileReference section */
		6458D69E2AA3E6AB000A8D80 /* AlgorithmDesignBookImplementations */ = {isa = PBXFileReference; explicitFileType = "compiled.mach-o.executable"; includeInIndex = 0; path = AlgorithmDesignBookImplementations; sourceTree = BUILT_PRODUCTS_DIR; };
		6458D6A12AA3E6AB000A8D80 /* main.cpp */ = {isa = PBXFileReference; lastKnownFileType = sourcecode.cpp.cpp; path = main.cpp; sourceTree = "<group>"; };
		6458D6A82AA3E7F1000A8D80 /* string_distance.cpp */ = {isa = PBXFileReference; lastKnownFileType = sourcecode.cpp.cpp; path = string_distance.cpp; sourceTree = "<group>"; };
		6458D6A92AA3E7F1000A8D80 /* string_distance.hpp */ = {isa = PBXFileReference; lastKnownFileType = sourcecode.cpp.h; path = string_distance.hpp; sourceTree = "<group>"; };
		6485EEFC2AB5A6F900C5FA47 /* heap_sort1.cpp */ = {isa = PBXFileReference; lastKnownFileType = sourcecode.cpp.cpp; path = heap_sort1.cpp; sourceTree = "<group>"; };
		6485EEFD2AB5A6F900C5FA47 /* heap_sort1.hpp */ = {isa = PBXFileReference; lastKnownFileType = sourcecode.cpp.h; path = heap_sort1.hpp; sourceTree = "<group>"; };
		649F2B2A2AC04F1F00739512 /* resources */ = {isa = PBXFileReference; lastKnownFileType = folder; path = resources; sourceTree = "<group>"; };
		64CF01332AA48FE00012A3C5 /* string_distance_dynamic_programming.cpp */ = {isa = PBXFileReference; lastKnownFileType = sourcecode.cpp.cpp; path = string_distance_dynamic_programming.cpp; sourceTree = "<group>"; };
		64CF01342AA48FE00012A3C5 /* string_distance_dynamic_programming.hpp */ = {isa = PBXFileReference; lastKnownFileType = sourcecode.cpp.h; path = string_distance_dynamic_programming.hpp; sourceTree = "<group>"; };
/* End PBXFileReference section */

/* Begin PBXFrameworksBuildPhase section */
		6458D69B2AA3E6AB000A8D80 /* Frameworks */ = {
			isa = PBXFrameworksBuildPhase;
			buildActionMask = 2147483647;
			files = (
			);
			runOnlyForDeploymentPostprocessing = 0;
		};
/* End PBXFrameworksBuildPhase section */

/* Begin PBXGroup section */
		6458D6952AA3E6AB000A8D80 = {
			isa = PBXGroup;
			children = (
				6458D6A02AA3E6AB000A8D80 /* AlgorithmDesignBookImplementations */,
				6458D69F2AA3E6AB000A8D80 /* Products */,
			);
			sourceTree = "<group>";
		};
		6458D69F2AA3E6AB000A8D80 /* Products */ = {
			isa = PBXGroup;
			children = (
				6458D69E2AA3E6AB000A8D80 /* AlgorithmDesignBookImplementations */,
			);
			name = Products;
			sourceTree = "<group>";
		};
		6458D6A02AA3E6AB000A8D80 /* AlgorithmDesignBookImplementations */ = {
			isa = PBXGroup;
			children = (
				649F2B2A2AC04F1F00739512 /* resources */,
				64CF01332AA48FE00012A3C5 /* string_distance_dynamic_programming.cpp */,
				64CF01342AA48FE00012A3C5 /* string_distance_dynamic_programming.hpp */,
				6458D6A12AA3E6AB000A8D80 /* main.cpp */,
				6458D6A82AA3E7F1000A8D80 /* string_distance.cpp */,
				6458D6A92AA3E7F1000A8D80 /* string_distance.hpp */,
				6485EEFC2AB5A6F900C5FA47 /* heap_sort1.cpp */,
				6485EEFD2AB5A6F900C5FA47 /* heap_sort1.hpp */,
			);
			path = AlgorithmDesignBookImplementations;
			sourceTree = "<group>";
		};
/* End PBXGroup section */

/* Begin PBXNativeTarget section */
		6458D69D2AA3E6AB000A8D80 /* AlgorithmDesignBookImplementations */ = {
			isa = PBXNativeTarget;
			buildConfigurationList = 6458D6A52AA3E6AB000A8D80 /* Build configuration list for PBXNativeTarget "AlgorithmDesignBookImplementations" */;
			buildPhases = (
				6458D69A2AA3E6AB000A8D80 /* Sources */,
				6458D69B2AA3E6AB000A8D80 /* Frameworks */,
				6458D69C2AA3E6AB000A8D80 /* CopyFiles */,
			);
			buildRules = (
			);
			dependencies = (
			);
			name = AlgorithmDesignBookImplementations;
			productName = AlgorithmDesignBookImplementations;
			productReference = 6458D69E2AA3E6AB000A8D80 /* AlgorithmDesignBookImplementations */;
			productType = "com.apple.product-type.tool";
		};
/* End PBXNativeTarget section */

/* Begin PBXProject section */
		6458D6962AA3E6AB000A8D80 /* Project object */ = {
			isa = PBXProject;
			attributes = {
				BuildIndependentTargetsInParallel = 1;
				LastUpgradeCheck = 1430;
				TargetAttributes = {
					6458D69D2AA3E6AB000A8D80 = {
						CreatedOnToolsVersion = 14.3.1;
					};
				};
			};
			buildConfigurationList = 6458D6992AA3E6AB000A8D80 /* Build configuration list for PBXProject "AlgorithmDesignBookImplementations" */;
			compatibilityVersion = "Xcode 14.0";
			developmentRegion = en;
			hasScannedForEncodings = 0;
			knownRegions = (
				en,
				Base,
			);
			mainGroup = 6458D6952AA3E6AB000A8D80;
			productRefGroup = 6458D69F2AA3E6AB000A8D80 /* Products */;
			projectDirPath = "";
			projectRoot = "";
			targets = (
				6458D69D2AA3E6AB000A8D80 /* AlgorithmDesignBookImplementations */,
			);
		};
/* End PBXProject section */

/* Begin PBXSourcesBuildPhase section */
		6458D69A2AA3E6AB000A8D80 /* Sources */ = {
			isa = PBXSourcesBuildPhase;
			buildActionMask = 2147483647;
			files = (
				64CF01352AA48FE00012A3C5 /* string_distance_dynamic_programming.cpp in Sources */,
				6485EEFE2AB5A6F900C5FA47 /* heap_sort1.cpp in Sources */,
				6458D6A22AA3E6AB000A8D80 /* main.cpp in Sources */,
				6458D6AA2AA3E7F1000A8D80 /* string_distance.cpp in Sources */,
			);
			runOnlyForDeploymentPostprocessing = 0;
		};
/* End PBXSourcesBuildPhase section */

/* Begin XCBuildConfiguration section */
		6458D6A32AA3E6AB000A8D80 /* Debug */ = {
			isa = XCBuildConfiguration;
			buildSettings = {
				ALWAYS_SEARCH_USER_PATHS = NO;
				CLANG_ANALYZER_NONNULL = YES;
				CLANG_ANALYZER_NUMBER_OBJECT_CONVERSION = YES_AGGRESSIVE;
				CLANG_CXX_LANGUAGE_STANDARD = "gnu++20";
				CLANG_ENABLE_MODULES = YES;
				CLANG_ENABLE_OBJC_ARC = YES;
				CLANG_ENABLE_OBJC_WEAK = YES;
				CLANG_WARN_BLOCK_CAPTURE_AUTORELEASING = YES;
				CLANG_WARN_BOOL_CONVERSION = YES;
				CLANG_WARN_COMMA = YES;
				CLANG_WARN_CONSTANT_CONVERSION = YES;
				CLANG_WARN_DEPRECATED_OBJC_IMPLEMENTATIONS = YES;
				CLANG_WARN_DIRECT_OBJC_ISA_USAGE = YES_ERROR;
				CLANG_WARN_DOCUMENTATION_COMMENTS = YES;
				CLANG_WARN_EMPTY_BODY = YES;
				CLANG_WARN_ENUM_CONVERSION = YES;
				CLANG_WARN_INFINITE_RECURSION = YES;
				CLANG_WARN_INT_CONVERSION = YES;
				CLANG_WARN_NON_LITERAL_NULL_CONVERSION = YES;
				CLANG_WARN_OBJC_IMPLICIT_RETAIN_SELF = YES;
				CLANG_WARN_OBJC_LITERAL_CONVERSION = YES;
				CLANG_WARN_OBJC_ROOT_CLASS = YES_ERROR;
				CLANG_WARN_QUOTED_INCLUDE_IN_FRAMEWORK_HEADER = YES;
				CLANG_WARN_RANGE_LOOP_ANALYSIS = YES;
				CLANG_WARN_STRICT_PROTOTYPES = YES;
				CLANG_WARN_SUSPICIOUS_MOVE = YES;
				CLANG_WARN_UNGUARDED_AVAILABILITY = YES_AGGRESSIVE;
				CLANG_WARN_UNREACHABLE_CODE = YES;
				CLANG_WARN__DUPLICATE_METHOD_MATCH = YES;
				COPY_PHASE_STRIP = NO;
				DEBUG_INFORMATION_FORMAT = dwarf;
				ENABLE_STRICT_OBJC_MSGSEND = YES;
				ENABLE_TESTABILITY = YES;
				GCC_C_LANGUAGE_STANDARD = gnu11;
				GCC_DYNAMIC_NO_PIC = NO;
				GCC_NO_COMMON_BLOCKS = YES;
				GCC_OPTIMIZATION_LEVEL = 0;
				GCC_PREPROCESSOR_DEFINITIONS = (
					"DEBUG=1",
					"$(inherited)",
				);
				GCC_WARN_64_TO_32_BIT_CONVERSION = YES;
				GCC_WARN_ABOUT_RETURN_TYPE = YES_ERROR;
				GCC_WARN_UNDECLARED_SELECTOR = YES;
				GCC_WARN_UNINITIALIZED_AUTOS = YES_AGGRESSIVE;
				GCC_WARN_UNUSED_FUNCTION = YES;
				GCC_WARN_UNUSED_VARIABLE = YES;
				MACOSX_DEPLOYMENT_TARGET = 13.3;
				MTL_ENABLE_DEBUG_INFO = INCLUDE_SOURCE;
				MTL_FAST_MATH = YES;
				ONLY_ACTIVE_ARCH = YES;
				SDKROOT = macosx;
			};
			name = Debug;
		};
		6458D6A42AA3E6AB000A8D80 /* Release */ = {
			isa = XCBuildConfiguration;
			buildSettings = {
				ALWAYS_SEARCH_USER_PATHS = NO;
				CLANG_ANALYZER_NONNULL = YES;
				CLANG_ANALYZER_NUMBER_OBJECT_CONVERSION = YES_AGGRESSIVE;
				CLANG_CXX_LANGUAGE_STANDARD = "gnu++20";
				CLANG_ENABLE_MODULES = YES;
				CLANG_ENABLE_OBJC_ARC = YES;
				CLANG_ENABLE_OBJC_WEAK = YES;
				CLANG_WARN_BLOCK_CAPTURE_AUTORELEASING = YES;
				CLANG_WARN_BOOL_CONVERSION = YES;
				CLANG_WARN_COMMA = YES;
				CLANG_WARN_CONSTANT_CONVERSION = YES;
				CLANG_WARN_DEPRECATED_OBJC_IMPLEMENTATIONS = YES;
				CLANG_WARN_DIRECT_OBJC_ISA_USAGE = YES_ERROR;
				CLANG_WARN_DOCUMENTATION_COMMENTS = YES;
				CLANG_WARN_EMPTY_BODY = YES;
				CLANG_WARN_ENUM_CONVERSION = YES;
				CLANG_WARN_INFINITE_RECURSION = YES;
				CLANG_WARN_INT_CONVERSION = YES;
				CLANG_WARN_NON_LITERAL_NULL_CONVERSION = YES;
				CLANG_WARN_OBJC_IMPLICIT_RETAIN_SELF = YES;
				CLANG_WARN_OBJC_LITERAL_CONVERSION = YES;
				CLANG_WARN_OBJC_ROOT_CLASS = YES_ERROR;
				CLANG_WARN_QUOTED_INCLUDE_IN_FRAMEWORK_HEADER = YES;
				CLANG_WARN_RANGE_LOOP_ANALYSIS = YES;
				CLANG_WARN_STRICT_PROTOTYPES = YES;
				CLANG_WARN_SUSPICIOUS_MOVE = YES;
				CLANG_WARN_UNGUARDED_AVAILABILITY = YES_AGGRESSIVE;
				CLANG_WARN_UNREACHABLE_CODE = YES;
				CLANG_WARN__DUPLICATE_METHOD_MATCH = YES;
				COPY_PHASE_STRIP = NO;
				DEBUG_INFORMATION_FORMAT = "dwarf-with-dsym";
				ENABLE_NS_ASSERTIONS = NO;
				ENABLE_STRICT_OBJC_MSGSEND = YES;
				GCC_C_LANGUAGE_STANDARD = gnu11;
				GCC_NO_COMMON_BLOCKS = YES;
				GCC_WARN_64_TO_32_BIT_CONVERSION = YES;
				GCC_WARN_ABOUT_RETURN_TYPE = YES_ERROR;
				GCC_WARN_UNDECLARED_SELECTOR = YES;
				GCC_WARN_UNINITIALIZED_AUTOS = YES_AGGRESSIVE;
				GCC_WARN_UNUSED_FUNCTION = YES;
				GCC_WARN_UNUSED_VARIABLE = YES;
				MACOSX_DEPLOYMENT_TARGET = 13.3;
				MTL_ENABLE_DEBUG_INFO = NO;
				MTL_FAST_MATH = YES;
				SDKROOT = macosx;
			};
			name = Release;
		};
		6458D6A62AA3E6AB000A8D80 /* Debug */ = {
			isa = XCBuildConfiguration;
			buildSettings = {
				CODE_SIGN_STYLE = Automatic;
				DEVELOPMENT_TEAM = 6A2D9W2FR7;
				ENABLE_HARDENED_RUNTIME = YES;
				PRODUCT_NAME = "$(TARGET_NAME)";
			};
			name = Debug;
		};
		6458D6A72AA3E6AB000A8D80 /* Release */ = {
			isa = XCBuildConfiguration;
			buildSettings = {
				CODE_SIGN_STYLE = Automatic;
				DEVELOPMENT_TEAM = 6A2D9W2FR7;
				ENABLE_HARDENED_RUNTIME = YES;
				PRODUCT_NAME = "$(TARGET_NAME)";
			};
			name = Release;
		};
/* End XCBuildConfiguration section */

/* Begin XCConfigurationList section */
		6458D6992AA3E6AB000A8D80 /* Build configuration list for PBXProject "AlgorithmDesignBookImplementations" */ = {
			isa = XCConfigurationList;
			buildConfigurations = (
				6458D6A32AA3E6AB000A8D80 /* Debug */,
				6458D6A42AA3E6AB000A8D80 /* Release */,
			);
			defaultConfigurationIsVisible = 0;
			defaultConfigurationName = Release;
		};
		6458D6A52AA3E6AB000A8D80 /* Build configuration list for PBXNativeTarget "AlgorithmDesignBookImplementations" */ = {
			isa = XCConfigurationList;
			buildConfigurations = (
				6458D6A62AA3E6AB000A8D80 /* Debug */,
				6458D6A72AA3E6AB000A8D80 /* Release */,
			);
			defaultConfigurationIsVisible = 0;
			defaultConfigurationName = Release;
		};
/* End XCConfigurationList section */
	};
	rootObject = 6458D6962AA3E6AB000A8D80 /* Project object */;
}
